{
  "originHash" : "a7da2bd3f96f903b34b01fc721ef1599ae97ddc794501b38cf3d3c2dc79610e5",
  "pins" : [
    {
      "identity" : "alamofire",
      "kind" : "remoteSourceControl",
      "location" : "https://github.com/Alamofire/Alamofire.git",
      "state" : {
        "revision" : "f455c2975872ccd2d9c81594c658af65716e9b9a",
        "version" : "5.9.1"
      }
    },
    {
      "identity" : "appauth-ios",
      "kind" : "remoteSourceControl",
      "location" : "https://github.com/openid/AppAuth-iOS.git",
      "state" : {
        "revision" : "c89ed571ae140f8eb1142735e6e23d7bb8c34cb2",
        "version" : "1.7.5"
      }
    },
    {
      "identity" : "brightfutures",
      "kind" : "remoteSourceControl",
      "location" : "https://github.com/Thomvis/BrightFutures.git",
      "state" : {
        "revision" : "fa66fa183dce7196d431244d0215748cd14c5758",
        "version" : "8.2.0"
      }
    },
    {
      "identity" : "cryptoswift",
      "kind" : "remoteSourceControl",
      "location" : "https://github.com/krzyzanowskim/CryptoSwift.git",
      "state" : {
        "revision" : "678d442c6f7828def400a70ae15968aef67ef52d",
        "version" : "1.8.3"
      }
    },
    {
      "identity" : "devicekit",
      "kind" : "remoteSourceControl",
      "location" : "https://github.com/devicekit/DeviceKit.git",
      "state" : {
        "revision" : "5757447e9f92c476ee2ca41ead7eb6db07936430",
        "version" : "5.4.0"
      }
    },
    {
      "identity" : "facebook-ios-sdk",
      "kind" : "remoteSourceControl",
      "location" : "https://github.com/facebook/facebook-ios-sdk.git",
      "state" : {
        "revision" : "2b87f9dd8adc2766dc4dbfd1ee4333bcf0167b4e",
        "version" : "17.0.3"
      }
    },
    {
      "identity" : "googlesignin-ios",
      "kind" : "remoteSourceControl",
      "location" : "https://github.com/google/GoogleSignIn-iOS.git",
      "state" : {
        "revision" : "a7965d134c5d3567026c523e0a8a583f73b62b0d",
        "version" : "7.1.0"
      }
    },
    {
      "identity" : "gtm-session-fetcher",
      "kind" : "remoteSourceControl",
      "location" : "https://github.com/google/gtm-session-fetcher.git",
      "state" : {
        "revision" : "a2ab612cb980066ee56d90d60d8462992c07f24b",
        "version" : "3.5.0"
      }
    },
    {
      "identity" : "gtmappauth",
      "kind" : "remoteSourceControl",
      "location" : "https://github.com/google/GTMAppAuth.git",
      "state" : {
        "revision" : "5d7d66f647400952b1758b230e019b07c0b4b22a",
        "version" : "4.1.1"
      }
    },
    {
      "identity" : "reachfive-ios",
      "kind" : "remoteSourceControl",
      "location" : "https://github.com/ReachFive/reachfive-ios.git",
      "state" : {
        "revision" : "106a5f40f178489e4ef722aac5a66bf91ece1c32",
        "version" : "7.0.0"
      }
    },
    {
      "identity" : "reachfive-ios-facebook",
      "kind" : "remoteSourceControl",
      "location" : "https://github.com/ReachFive/reachfive-ios-facebook.git",
      "state" : {
        "revision" : "e0671982e5d4fca22883fb9008d64aa2ba16a950",
        "version" : "7.0.0"
      }
    },
    {
      "identity" : "reachfive-ios-google",
      "kind" : "remoteSourceControl",
      "location" : "https://github.com/ReachFive/reachfive-ios-google.git",
      "state" : {
        "revision" : "d39c4f8aa4d2b2a36e53b4865a8224d5dc5694b3",
        "version" : "7.0.0"
      }
    }
  ],
  "version" : 3
}
