{
  "originHash" : "784359ced5b1168f0dc380ea324031e8e7e2fa0c0f5391d4a561dc54edc7b91d",
  "pins" : [
    {
      "identity" : "appauth-ios",
      "kind" : "remoteSourceControl",
      "location" : "https://github.com/openid/AppAuth-iOS.git",
      "state" : {
        "revision" : "2781038865a80e2c425a1da12cc1327bcd56501f",
        "version" : "1.7.6"
      }
    },
    {
      "identity" : "brightfutures",
      "kind" : "remoteSourceControl",
      "location" : "https://github.com/Thomvis/BrightFutures.git",
      "state" : {
        "revision" : "fa66fa183dce7196d431244d0215748cd14c5758",
        "version" : "8.2.0"
      }
    },
    {
      "identity" : "facebook-ios-sdk",
      "kind" : "remoteSourceControl",
      "location" : "https://github.com/facebook/facebook-ios-sdk.git",
      "state" : {
        "revision" : "619d1772808425faa010d92293b26eeb9bc1d630",
        "version" : "17.4.0"
      }
    },
    {
      "identity" : "googlesignin-ios",
      "kind" : "remoteSourceControl",
      "location" : "https://github.com/google/GoogleSignIn-iOS.git",
      "state" : {
        "revision" : "a7965d134c5d3567026c523e0a8a583f73b62b0d",
        "version" : "7.1.0"
      }
    },
    {
      "identity" : "gtm-session-fetcher",
      "kind" : "remoteSourceControl",
      "location" : "https://github.com/google/gtm-session-fetcher.git",
      "state" : {
        "revision" : "a2ab612cb980066ee56d90d60d8462992c07f24b",
        "version" : "3.5.0"
      }
    },
    {
      "identity" : "gtmappauth",
      "kind" : "remoteSourceControl",
      "location" : "https://github.com/google/GTMAppAuth.git",
      "state" : {
        "revision" : "5d7d66f647400952b1758b230e019b07c0b4b22a",
        "version" : "4.1.1"
      }
    },
    {
      "identity" : "reachfive-ios",
      "kind" : "remoteSourceControl",
      "location" : "https://github.com/ReachFive/reachfive-ios",
      "state" : {
        "revision" : "748b669776abf26be648f9223c88b3ac64d2d0cf",
        "version" : "10.0.1"
      }
    },
    {
      "identity" : "reachfive-ios-facebook",
      "kind" : "remoteSourceControl",
      "location" : "https://github.com/ReachFive/reachfive-ios-facebook",
      "state" : {
        "revision" : "91e90d409fb2d3c82bd8710994d7bae8061bf142",
        "version" : "8.0.1"
      }
    },
    {
      "identity" : "reachfive-ios-future",
      "kind" : "remoteSourceControl",
      "location" : "https://github.com/ReachFive/reachfive-ios-future",
      "state" : {
        "revision" : "dd0c7aa1452135a99a9f817b9f2fc9b63ce46a85",
        "version" : "10.0.1"
      }
    },
    {
      "identity" : "reachfive-ios-google",
      "kind" : "remoteSourceControl",
      "location" : "https://github.com/ReachFive/reachfive-ios-google",
      "state" : {
        "revision" : "dbce329651e088b720161a2db2693789d3267c4a",
        "version" : "8.0.1"
      }
    }
  ],
  "version" : 3
}
