{
  "originHash" : "b4c79a1c7a15e0b748c280d5c25211828be14079ff64978e424ddc6682574d9b",
  "pins" : [
    {
      "identity" : "alamofire",
      "kind" : "remoteSourceControl",
      "location" : "https://github.com/Alamofire/Alamofire.git",
      "state" : {
        "revision" : "e16d3481f5ed35f0472cb93350085853d754913f",
        "version" : "5.10.1"
      }
    },
    {
      "identity" : "appauth-ios",
      "kind" : "remoteSourceControl",
      "location" : "https://github.com/openid/AppAuth-iOS.git",
      "state" : {
        "revision" : "c89ed571ae140f8eb1142735e6e23d7bb8c34cb2",
        "version" : "1.7.5"
      }
    },
    {
      "identity" : "brightfutures",
      "kind" : "remoteSourceControl",
      "location" : "https://github.com/Thomvis/BrightFutures.git",
      "state" : {
        "revision" : "fa66fa183dce7196d431244d0215748cd14c5758",
        "version" : "8.2.0"
      }
    },
    {
      "identity" : "cryptoswift",
      "kind" : "remoteSourceControl",
      "location" : "https://github.com/krzyzanowskim/CryptoSwift.git",
      "state" : {
        "revision" : "678d442c6f7828def400a70ae15968aef67ef52d",
        "version" : "1.8.3"
      }
    },
    {
      "identity" : "devicekit",
      "kind" : "remoteSourceControl",
      "location" : "https://github.com/devicekit/DeviceKit.git",
      "state" : {
        "revision" : "7ff5331960151aec74fb422e1d45f54ef6cc086d",
        "version" : "5.5.0"
      }
    },
    {
      "identity" : "facebook-ios-sdk",
      "kind" : "remoteSourceControl",
      "location" : "https://github.com/facebook/facebook-ios-sdk.git",
      "state" : {
        "revision" : "619d1772808425faa010d92293b26eeb9bc1d630",
        "version" : "17.4.0"
      }
    },
    {
      "identity" : "googlesignin-ios",
      "kind" : "remoteSourceControl",
      "location" : "https://github.com/google/GoogleSignIn-iOS.git",
      "state" : {
        "revision" : "a7965d134c5d3567026c523e0a8a583f73b62b0d",
        "version" : "7.1.0"
      }
    },
    {
      "identity" : "gtm-session-fetcher",
      "kind" : "remoteSourceControl",
      "location" : "https://github.com/google/gtm-session-fetcher.git",
      "state" : {
        "revision" : "a2ab612cb980066ee56d90d60d8462992c07f24b",
        "version" : "3.5.0"
      }
    },
    {
      "identity" : "gtmappauth",
      "kind" : "remoteSourceControl",
      "location" : "https://github.com/google/GTMAppAuth.git",
      "state" : {
        "revision" : "5d7d66f647400952b1758b230e019b07c0b4b22a",
        "version" : "4.1.1"
      }
    },
    {
      "identity" : "reachfive-ios",
      "kind" : "remoteSourceControl",
      "location" : "https://github.com/ReachFive/reachfive-ios.git",
      "state" : {
        "revision" : "5960eb27691587d7162a0176c0b4838b7088ee81",
        "version" : "7.1.5"
      }
    },
    {
      "identity" : "reachfive-ios-facebook",
      "kind" : "remoteSourceControl",
      "location" : "https://github.com/ReachFive/reachfive-ios-facebook",
      "state" : {
        "revision" : "66ffc9d31ab2cc6949a3fb7bcaf1b8aab1af2331",
        "version" : "7.2.0"
      }
    },
    {
      "identity" : "reachfive-ios-google",
      "kind" : "remoteSourceControl",
      "location" : "https://github.com/ReachFive/reachfive-ios-google.git",
      "state" : {
        "revision" : "2a0aade0afb433b82740933efb97db9e8ce6d1a0",
        "version" : "7.1.1"
      }
    }
  ],
  "version" : 3
}
