// !$*UTF8*$!
{
	archiveVersion = 1;
	classes = {
	};
	objectVersion = 56;
	objects = {

/* Begin PBXBuildFile section */
		2A21929A2B83A7CC00DDF153 /* AppDelegate.swift in Sources */ = {isa = PBXBuildFile; fileRef = 2A2192992B83A7CC00DDF153 /* AppDelegate.swift */; };
		2A21929C2B83A7CC00DDF153 /* SceneDelegate.swift in Sources */ = {isa = PBXBuildFile; fileRef = 2A21929B2B83A7CC00DDF153 /* SceneDelegate.swift */; };
		2A21929E2B83A7CC00DDF153 /* LoginViewController.swift in Sources */ = {isa = PBXBuildFile; fileRef = 2A21929D2B83A7CC00DDF153 /* LoginViewController.swift */; };
		2A2192A12B83A7CC00DDF153 /* Main.storyboard in Resources */ = {isa = PBXBuildFile; fileRef = 2A21929F2B83A7CC00DDF153 /* Main.storyboard */; };
		2A2192A32B83A7CE00DDF153 /* Assets.xcassets in Resources */ = {isa = PBXBuildFile; fileRef = 2A2192A22B83A7CE00DDF153 /* Assets.xcassets */; };
		2A2192A62B83A7CE00DDF153 /* LaunchScreen.storyboard in Resources */ = {isa = PBXBuildFile; fileRef = 2A2192A42B83A7CE00DDF153 /* LaunchScreen.storyboard */; };
		2ACBCE982B83D22E0059D5F9 /* SecureStorage.swift in Sources */ = {isa = PBXBuildFile; fileRef = 2ACBCE972B83D22E0059D5F9 /* SecureStorage.swift */; };
		2AED64E82B86218A00EB61DD /* ProfileViewController.swift in Sources */ = {isa = PBXBuildFile; fileRef = 2AED64E72B86218A00EB61DD /* ProfileViewController.swift */; };
		C487BC0E5EB404AFB7592CD6 /* Pods_DemoSharedCredentials.framework in Frameworks */ = {isa = PBXBuildFile; fileRef = DE2554B8A9965298942EA612 /* Pods_DemoSharedCredentials.framework */; };
/* End PBXBuildFile section */

/* Begin PBXFileReference section */
		2A2192962B83A7CC00DDF153 /* DemoSharedCredentials.app */ = {isa = PBXFileReference; explicitFileType = wrapper.application; includeInIndex = 0; path = DemoSharedCredentials.app; sourceTree = BUILT_PRODUCTS_DIR; };
		2A2192992B83A7CC00DDF153 /* AppDelegate.swift */ = {isa = PBXFileReference; lastKnownFileType = sourcecode.swift; path = AppDelegate.swift; sourceTree = "<group>"; };
		2A21929B2B83A7CC00DDF153 /* SceneDelegate.swift */ = {isa = PBXFileReference; lastKnownFileType = sourcecode.swift; path = SceneDelegate.swift; sourceTree = "<group>"; };
		2A21929D2B83A7CC00DDF153 /* LoginViewController.swift */ = {isa = PBXFileReference; lastKnownFileType = sourcecode.swift; path = LoginViewController.swift; sourceTree = "<group>"; };
		2A2192A02B83A7CC00DDF153 /* Base */ = {isa = PBXFileReference; lastKnownFileType = file.storyboard; name = Base; path = Base.lproj/Main.storyboard; sourceTree = "<group>"; };
		2A2192A22B83A7CE00DDF153 /* Assets.xcassets */ = {isa = PBXFileReference; lastKnownFileType = folder.assetcatalog; path = Assets.xcassets; sourceTree = "<group>"; };
		2A2192A52B83A7CE00DDF153 /* Base */ = {isa = PBXFileReference; lastKnownFileType = file.storyboard; name = Base; path = Base.lproj/LaunchScreen.storyboard; sourceTree = "<group>"; };
		2A2192A72B83A7CE00DDF153 /* Info.plist */ = {isa = PBXFileReference; lastKnownFileType = text.plist.xml; path = Info.plist; sourceTree = "<group>"; };
		2ACBCE922B83C3350059D5F9 /* DemoSharedCredentials.entitlements */ = {isa = PBXFileReference; lastKnownFileType = text.plist.entitlements; path = DemoSharedCredentials.entitlements; sourceTree = "<group>"; };
		2ACBCE972B83D22E0059D5F9 /* SecureStorage.swift */ = {isa = PBXFileReference; lastKnownFileType = sourcecode.swift; path = SecureStorage.swift; sourceTree = "<group>"; };
		2AED64E72B86218A00EB61DD /* ProfileViewController.swift */ = {isa = PBXFileReference; lastKnownFileType = sourcecode.swift; path = ProfileViewController.swift; sourceTree = "<group>"; };
		3A2CFEE1AE29C60B602632F6 /* Pods-DemoSharedCredentials.debug.xcconfig */ = {isa = PBXFileReference; includeInIndex = 1; lastKnownFileType = text.xcconfig; name = "Pods-DemoSharedCredentials.debug.xcconfig"; path = "Target Support Files/Pods-DemoSharedCredentials/Pods-DemoSharedCredentials.debug.xcconfig"; sourceTree = "<group>"; };
		DE2554B8A9965298942EA612 /* Pods_DemoSharedCredentials.framework */ = {isa = PBXFileReference; explicitFileType = wrapper.framework; includeInIndex = 0; path = Pods_DemoSharedCredentials.framework; sourceTree = BUILT_PRODUCTS_DIR; };
		ECEA599E524CFD3822185E2C /* Pods-DemoSharedCredentials.release.xcconfig */ = {isa = PBXFileReference; includeInIndex = 1; lastKnownFileType = text.xcconfig; name = "Pods-DemoSharedCredentials.release.xcconfig"; path = "Target Support Files/Pods-DemoSharedCredentials/Pods-DemoSharedCredentials.release.xcconfig"; sourceTree = "<group>"; };
/* End PBXFileReference section */

/* Begin PBXFrameworksBuildPhase section */
		2A2192932B83A7CC00DDF153 /* Frameworks */ = {
			isa = PBXFrameworksBuildPhase;
			buildActionMask = 2147483647;
			files = (
				C487BC0E5EB404AFB7592CD6 /* Pods_DemoSharedCredentials.framework in Frameworks */,
			);
			runOnlyForDeploymentPostprocessing = 0;
		};
/* End PBXFrameworksBuildPhase section */

/* Begin PBXGroup section */
		2A21928D2B83A7CC00DDF153 = {
			isa = PBXGroup;
			children = (
				2A2192982B83A7CC00DDF153 /* DemoSharedCredentials */,
				2A2192972B83A7CC00DDF153 /* Products */,
				EC2B2D280A67A15BC310F57A /* Pods */,
				DA89C63F8F222258C44A8B68 /* Frameworks */,
			);
			sourceTree = "<group>";
		};
		2A2192972B83A7CC00DDF153 /* Products */ = {
			isa = PBXGroup;
			children = (
				2A2192962B83A7CC00DDF153 /* DemoSharedCredentials.app */,
			);
			name = Products;
			sourceTree = "<group>";
		};
		2A2192982B83A7CC00DDF153 /* DemoSharedCredentials */ = {
			isa = PBXGroup;
			children = (
				2ACBCE922B83C3350059D5F9 /* DemoSharedCredentials.entitlements */,
				2A2192A72B83A7CE00DDF153 /* Info.plist */,
				2A2192992B83A7CC00DDF153 /* AppDelegate.swift */,
				2A21929D2B83A7CC00DDF153 /* LoginViewController.swift */,
				2AED64E72B86218A00EB61DD /* ProfileViewController.swift */,
				2A21929B2B83A7CC00DDF153 /* SceneDelegate.swift */,
				2ACBCE972B83D22E0059D5F9 /* SecureStorage.swift */,
				2A2192A22B83A7CE00DDF153 /* Assets.xcassets */,
				2A2192A42B83A7CE00DDF153 /* LaunchScreen.storyboard */,
				2A21929F2B83A7CC00DDF153 /* Main.storyboard */,
			);
			path = DemoSharedCredentials;
			sourceTree = "<group>";
		};
		DA89C63F8F222258C44A8B68 /* Frameworks */ = {
			isa = PBXGroup;
			children = (
				DE2554B8A9965298942EA612 /* Pods_DemoSharedCredentials.framework */,
			);
			name = Frameworks;
			sourceTree = "<group>";
		};
		EC2B2D280A67A15BC310F57A /* Pods */ = {
			isa = PBXGroup;
			children = (
				3A2CFEE1AE29C60B602632F6 /* Pods-DemoSharedCredentials.debug.xcconfig */,
				ECEA599E524CFD3822185E2C /* Pods-DemoSharedCredentials.release.xcconfig */,
			);
			path = Pods;
			sourceTree = "<group>";
		};
/* End PBXGroup section */

/* Begin PBXNativeTarget section */
		2A2192952B83A7CC00DDF153 /* DemoSharedCredentials */ = {
			isa = PBXNativeTarget;
			buildConfigurationList = 2A2192AA2B83A7CE00DDF153 /* Build configuration list for PBXNativeTarget "DemoSharedCredentials" */;
			buildPhases = (
				0A93F4B4CB5AB465F11ECB59 /* [CP] Check Pods Manifest.lock */,
				2A2192922B83A7CC00DDF153 /* Sources */,
				2A2192932B83A7CC00DDF153 /* Frameworks */,
				2A2192942B83A7CC00DDF153 /* Resources */,
				84AE1BB6A78CAA77A36C983F /* [CP] Embed Pods Frameworks */,
			);
			buildRules = (
			);
			dependencies = (
			);
			name = DemoSharedCredentials;
			productName = DemoSharedCredentials;
			productReference = 2A2192962B83A7CC00DDF153 /* DemoSharedCredentials.app */;
			productType = "com.apple.product-type.application";
		};
/* End PBXNativeTarget section */

/* Begin PBXProject section */
		2A21928E2B83A7CC00DDF153 /* Project object */ = {
			isa = PBXProject;
			attributes = {
				BuildIndependentTargetsInParallel = 1;
				LastSwiftUpdateCheck = 1520;
				LastUpgradeCheck = 1520;
				TargetAttributes = {
					2A2192952B83A7CC00DDF153 = {
						CreatedOnToolsVersion = 15.2;
					};
				};
			};
			buildConfigurationList = 2A2192912B83A7CC00DDF153 /* Build configuration list for PBXProject "DemoSharedCredentials" */;
			compatibilityVersion = "Xcode 14.0";
			developmentRegion = en;
			hasScannedForEncodings = 0;
			knownRegions = (
				en,
				Base,
			);
			mainGroup = 2A21928D2B83A7CC00DDF153;
			productRefGroup = 2A2192972B83A7CC00DDF153 /* Products */;
			projectDirPath = "";
			projectRoot = "";
			targets = (
				2A2192952B83A7CC00DDF153 /* DemoSharedCredentials */,
			);
		};
/* End PBXProject section */

/* Begin PBXResourcesBuildPhase section */
		2A2192942B83A7CC00DDF153 /* Resources */ = {
			isa = PBXResourcesBuildPhase;
			buildActionMask = 2147483647;
			files = (
				2A2192A62B83A7CE00DDF153 /* LaunchScreen.storyboard in Resources */,
				2A2192A32B83A7CE00DDF153 /* Assets.xcassets in Resources */,
				2A2192A12B83A7CC00DDF153 /* Main.storyboard in Resources */,
			);
			runOnlyForDeploymentPostprocessing = 0;
		};
/* End PBXResourcesBuildPhase section */

/* Begin PBXShellScriptBuildPhase section */
		0A93F4B4CB5AB465F11ECB59 /* [CP] Check Pods Manifest.lock */ = {
			isa = PBXShellScriptBuildPhase;
			buildActionMask = 2147483647;
			files = (
			);
			inputFileListPaths = (
			);
			inputPaths = (
				"${PODS_PODFILE_DIR_PATH}/Podfile.lock",
				"${PODS_ROOT}/Manifest.lock",
			);
			name = "[CP] Check Pods Manifest.lock";
			outputFileListPaths = (
			);
			outputPaths = (
				"$(DERIVED_FILE_DIR)/Pods-DemoSharedCredentials-checkManifestLockResult.txt",
			);
			runOnlyForDeploymentPostprocessing = 0;
			shellPath = /bin/sh;
			shellScript = "diff \"${PODS_PODFILE_DIR_PATH}/Podfile.lock\" \"${PODS_ROOT}/Manifest.lock\" > /dev/null\nif [ $? != 0 ] ; then\n    # print error to STDERR\n    echo \"error: The sandbox is not in sync with the Podfile.lock. Run 'pod install' or update your CocoaPods installation.\" >&2\n    exit 1\nfi\n# This output is used by Xcode 'outputs' to avoid re-running this script phase.\necho \"SUCCESS\" > \"${SCRIPT_OUTPUT_FILE_0}\"\n";
			showEnvVarsInLog = 0;
		};
		84AE1BB6A78CAA77A36C983F /* [CP] Embed Pods Frameworks */ = {
			isa = PBXShellScriptBuildPhase;
			buildActionMask = 2147483647;
			files = (
			);
			inputFileListPaths = (
				"${PODS_ROOT}/Target Support Files/Pods-DemoSharedCredentials/Pods-DemoSharedCredentials-frameworks-${CONFIGURATION}-input-files.xcfilelist",
			);
			name = "[CP] Embed Pods Frameworks";
			outputFileListPaths = (
				"${PODS_ROOT}/Target Support Files/Pods-DemoSharedCredentials/Pods-DemoSharedCredentials-frameworks-${CONFIGURATION}-output-files.xcfilelist",
			);
			runOnlyForDeploymentPostprocessing = 0;
			shellPath = /bin/sh;
			shellScript = "\"${PODS_ROOT}/Target Support Files/Pods-DemoSharedCredentials/Pods-DemoSharedCredentials-frameworks.sh\"\n";
			showEnvVarsInLog = 0;
		};
/* End PBXShellScriptBuildPhase section */

/* Begin PBXSourcesBuildPhase section */
		2A2192922B83A7CC00DDF153 /* Sources */ = {
			isa = PBXSourcesBuildPhase;
			buildActionMask = 2147483647;
			files = (
				2A21929E2B83A7CC00DDF153 /* LoginViewController.swift in Sources */,
				2AED64E82B86218A00EB61DD /* ProfileViewController.swift in Sources */,
				2A21929A2B83A7CC00DDF153 /* AppDelegate.swift in Sources */,
				2ACBCE982B83D22E0059D5F9 /* SecureStorage.swift in Sources */,
				2A21929C2B83A7CC00DDF153 /* SceneDelegate.swift in Sources */,
			);
			runOnlyForDeploymentPostprocessing = 0;
		};
/* End PBXSourcesBuildPhase section */

/* Begin PBXVariantGroup section */
		2A21929F2B83A7CC00DDF153 /* Main.storyboard */ = {
			isa = PBXVariantGroup;
			children = (
				2A2192A02B83A7CC00DDF153 /* Base */,
			);
			name = Main.storyboard;
			sourceTree = "<group>";
		};
		2A2192A42B83A7CE00DDF153 /* LaunchScreen.storyboard */ = {
			isa = PBXVariantGroup;
			children = (
				2A2192A52B83A7CE00DDF153 /* Base */,
			);
			name = LaunchScreen.storyboard;
			sourceTree = "<group>";
		};
/* End PBXVariantGroup section */

/* Begin XCBuildConfiguration section */
		2A2192A82B83A7CE00DDF153 /* Debug */ = {
			isa = XCBuildConfiguration;
			buildSettings = {
				ALWAYS_SEARCH_USER_PATHS = NO;
				ASSETCATALOG_COMPILER_GENERATE_SWIFT_ASSET_SYMBOL_EXTENSIONS = YES;
				CLANG_ANALYZER_NONNULL = YES;
				CLANG_ANALYZER_NUMBER_OBJECT_CONVERSION = YES_AGGRESSIVE;
				CLANG_CXX_LANGUAGE_STANDARD = "gnu++20";
				CLANG_ENABLE_MODULES = YES;
				CLANG_ENABLE_OBJC_ARC = YES;
				CLANG_ENABLE_OBJC_WEAK = YES;
				CLANG_WARN_BLOCK_CAPTURE_AUTORELEASING = YES;
				CLANG_WARN_BOOL_CONVERSION = YES;
				CLANG_WARN_COMMA = YES;
				CLANG_WARN_CONSTANT_CONVERSION = YES;
				CLANG_WARN_DEPRECATED_OBJC_IMPLEMENTATIONS = YES;
				CLANG_WARN_DIRECT_OBJC_ISA_USAGE = YES_ERROR;
				CLANG_WARN_DOCUMENTATION_COMMENTS = YES;
				CLANG_WARN_EMPTY_BODY = YES;
				CLANG_WARN_ENUM_CONVERSION = YES;
				CLANG_WARN_INFINITE_RECURSION = YES;
				CLANG_WARN_INT_CONVERSION = YES;
				CLANG_WARN_NON_LITERAL_NULL_CONVERSION = YES;
				CLANG_WARN_OBJC_IMPLICIT_RETAIN_SELF = YES;
				CLANG_WARN_OBJC_LITERAL_CONVERSION = YES;
				CLANG_WARN_OBJC_ROOT_CLASS = YES_ERROR;
				CLANG_WARN_QUOTED_INCLUDE_IN_FRAMEWORK_HEADER = YES;
				CLANG_WARN_RANGE_LOOP_ANALYSIS = YES;
				CLANG_WARN_STRICT_PROTOTYPES = YES;
				CLANG_WARN_SUSPICIOUS_MOVE = YES;
				CLANG_WARN_UNGUARDED_AVAILABILITY = YES_AGGRESSIVE;
				CLANG_WARN_UNREACHABLE_CODE = YES;
				CLANG_WARN__DUPLICATE_METHOD_MATCH = YES;
				COPY_PHASE_STRIP = NO;
				DEBUG_INFORMATION_FORMAT = dwarf;
				ENABLE_STRICT_OBJC_MSGSEND = YES;
				ENABLE_TESTABILITY = YES;
				ENABLE_USER_SCRIPT_SANDBOXING = YES;
				GCC_C_LANGUAGE_STANDARD = gnu17;
				GCC_DYNAMIC_NO_PIC = NO;
				GCC_NO_COMMON_BLOCKS = YES;
				GCC_OPTIMIZATION_LEVEL = 0;
				GCC_PREPROCESSOR_DEFINITIONS = (
					"DEBUG=1",
					"$(inherited)",
				);
				GCC_WARN_64_TO_32_BIT_CONVERSION = YES;
				GCC_WARN_ABOUT_RETURN_TYPE = YES_ERROR;
				GCC_WARN_UNDECLARED_SELECTOR = YES;
				GCC_WARN_UNINITIALIZED_AUTOS = YES_AGGRESSIVE;
				GCC_WARN_UNUSED_FUNCTION = YES;
				GCC_WARN_UNUSED_VARIABLE = YES;
				IPHONEOS_DEPLOYMENT_TARGET = 17.2;
				LOCALIZATION_PREFERS_STRING_CATALOGS = YES;
				MTL_ENABLE_DEBUG_INFO = INCLUDE_SOURCE;
				MTL_FAST_MATH = YES;
				ONLY_ACTIVE_ARCH = YES;
				SDKROOT = iphoneos;
				SWIFT_ACTIVE_COMPILATION_CONDITIONS = "DEBUG $(inherited)";
				SWIFT_OPTIMIZATION_LEVEL = "-Onone";
			};
			name = Debug;
		};
		2A2192A92B83A7CE00DDF153 /* Release */ = {
			isa = XCBuildConfiguration;
			buildSettings = {
				ALWAYS_SEARCH_USER_PATHS = NO;
				ASSETCATALOG_COMPILER_GENERATE_SWIFT_ASSET_SYMBOL_EXTENSIONS = YES;
				CLANG_ANALYZER_NONNULL = YES;
				CLANG_ANALYZER_NUMBER_OBJECT_CONVERSION = YES_AGGRESSIVE;
				CLANG_CXX_LANGUAGE_STANDARD = "gnu++20";
				CLANG_ENABLE_MODULES = YES;
				CLANG_ENABLE_OBJC_ARC = YES;
				CLANG_ENABLE_OBJC_WEAK = YES;
				CLANG_WARN_BLOCK_CAPTURE_AUTORELEASING = YES;
				CLANG_WARN_BOOL_CONVERSION = YES;
				CLANG_WARN_COMMA = YES;
				CLANG_WARN_CONSTANT_CONVERSION = YES;
				CLANG_WARN_DEPRECATED_OBJC_IMPLEMENTATIONS = YES;
				CLANG_WARN_DIRECT_OBJC_ISA_USAGE = YES_ERROR;
				CLANG_WARN_DOCUMENTATION_COMMENTS = YES;
				CLANG_WARN_EMPTY_BODY = YES;
				CLANG_WARN_ENUM_CONVERSION = YES;
				CLANG_WARN_INFINITE_RECURSION = YES;
				CLANG_WARN_INT_CONVERSION = YES;
				CLANG_WARN_NON_LITERAL_NULL_CONVERSION = YES;
				CLANG_WARN_OBJC_IMPLICIT_RETAIN_SELF = YES;
				CLANG_WARN_OBJC_LITERAL_CONVERSION = YES;
				CLANG_WARN_OBJC_ROOT_CLASS = YES_ERROR;
				CLANG_WARN_QUOTED_INCLUDE_IN_FRAMEWORK_HEADER = YES;
				CLANG_WARN_RANGE_LOOP_ANALYSIS = YES;
				CLANG_WARN_STRICT_PROTOTYPES = YES;
				CLANG_WARN_SUSPICIOUS_MOVE = YES;
				CLANG_WARN_UNGUARDED_AVAILABILITY = YES_AGGRESSIVE;
				CLANG_WARN_UNREACHABLE_CODE = YES;
				CLANG_WARN__DUPLICATE_METHOD_MATCH = YES;
				COPY_PHASE_STRIP = NO;
				DEBUG_INFORMATION_FORMAT = "dwarf-with-dsym";
				ENABLE_NS_ASSERTIONS = NO;
				ENABLE_STRICT_OBJC_MSGSEND = YES;
				ENABLE_USER_SCRIPT_SANDBOXING = YES;
				GCC_C_LANGUAGE_STANDARD = gnu17;
				GCC_NO_COMMON_BLOCKS = YES;
				GCC_WARN_64_TO_32_BIT_CONVERSION = YES;
				GCC_WARN_ABOUT_RETURN_TYPE = YES_ERROR;
				GCC_WARN_UNDECLARED_SELECTOR = YES;
				GCC_WARN_UNINITIALIZED_AUTOS = YES_AGGRESSIVE;
				GCC_WARN_UNUSED_FUNCTION = YES;
				GCC_WARN_UNUSED_VARIABLE = YES;
				IPHONEOS_DEPLOYMENT_TARGET = 17.2;
				LOCALIZATION_PREFERS_STRING_CATALOGS = YES;
				MTL_ENABLE_DEBUG_INFO = NO;
				MTL_FAST_MATH = YES;
				SDKROOT = iphoneos;
				SWIFT_COMPILATION_MODE = wholemodule;
				VALIDATE_PRODUCT = YES;
			};
			name = Release;
		};
		2A2192AB2B83A7CE00DDF153 /* Debug */ = {
			isa = XCBuildConfiguration;
			baseConfigurationReference = 3A2CFEE1AE29C60B602632F6 /* Pods-DemoSharedCredentials.debug.xcconfig */;
			buildSettings = {
				ASSETCATALOG_COMPILER_APPICON_NAME = AppIcon;
				ASSETCATALOG_COMPILER_GLOBAL_ACCENT_COLOR_NAME = AccentColor;
				CODE_SIGN_ENTITLEMENTS = DemoSharedCredentials/DemoSharedCredentials.entitlements;
				CODE_SIGN_STYLE = Automatic;
				CURRENT_PROJECT_VERSION = 1;
				DEVELOPMENT_TEAM = 2SHU255SWF;
				GENERATE_INFOPLIST_FILE = YES;
				INFOPLIST_FILE = DemoSharedCredentials/Info.plist;
				INFOPLIST_KEY_UIApplicationSupportsIndirectInputEvents = YES;
				INFOPLIST_KEY_UILaunchStoryboardName = LaunchScreen;
				INFOPLIST_KEY_UIMainStoryboardFile = Main;
				INFOPLIST_KEY_UISupportedInterfaceOrientations = UIInterfaceOrientationPortrait;
				IPHONEOS_DEPLOYMENT_TARGET = 13.0;
				LD_RUNPATH_SEARCH_PATHS = (
					"$(inherited)",
					"@executable_path/Frameworks",
				);
				MARKETING_VERSION = 1.0;
				PRODUCT_BUNDLE_IDENTIFIER = com.reach5.DemoSharedCredentials;
				PRODUCT_NAME = "$(TARGET_NAME)";
				SUPPORTED_PLATFORMS = "iphoneos iphonesimulator";
				SUPPORTS_MACCATALYST = YES;
				SUPPORTS_MAC_DESIGNED_FOR_IPHONE_IPAD = NO;
				SUPPORTS_XR_DESIGNED_FOR_IPHONE_IPAD = NO;
				SWIFT_EMIT_LOC_STRINGS = YES;
				SWIFT_VERSION = 5.0;
				TARGETED_DEVICE_FAMILY = "1,2";
			};
			name = Debug;
		};
		2A2192AC2B83A7CE00DDF153 /* Release */ = {
			isa = XCBuildConfiguration;
			baseConfigurationReference = ECEA599E524CFD3822185E2C /* Pods-DemoSharedCredentials.release.xcconfig */;
			buildSettings = {
				ASSETCATALOG_COMPILER_APPICON_NAME = AppIcon;
				ASSETCATALOG_COMPILER_GLOBAL_ACCENT_COLOR_NAME = AccentColor;
				CODE_SIGN_ENTITLEMENTS = DemoSharedCredentials/DemoSharedCredentials.entitlements;
				CODE_SIGN_STYLE = Automatic;
				CURRENT_PROJECT_VERSION = 1;
				DEVELOPMENT_TEAM = 2SHU255SWF;
				GENERATE_INFOPLIST_FILE = YES;
				INFOPLIST_FILE = DemoSharedCredentials/Info.plist;
				INFOPLIST_KEY_UIApplicationSupportsIndirectInputEvents = YES;
				INFOPLIST_KEY_UILaunchStoryboardName = LaunchScreen;
				INFOPLIST_KEY_UIMainStoryboardFile = Main;
				INFOPLIST_KEY_UISupportedInterfaceOrientations = UIInterfaceOrientationPortrait;
				IPHONEOS_DEPLOYMENT_TARGET = 13.0;
				LD_RUNPATH_SEARCH_PATHS = (
					"$(inherited)",
					"@executable_path/Frameworks",
				);
				MARKETING_VERSION = 1.0;
				PRODUCT_BUNDLE_IDENTIFIER = com.reach5.DemoSharedCredentials;
				PRODUCT_NAME = "$(TARGET_NAME)";
				SUPPORTED_PLATFORMS = "iphoneos iphonesimulator";
				SUPPORTS_MACCATALYST = YES;
				SUPPORTS_MAC_DESIGNED_FOR_IPHONE_IPAD = NO;
				SUPPORTS_XR_DESIGNED_FOR_IPHONE_IPAD = NO;
				SWIFT_EMIT_LOC_STRINGS = YES;
				SWIFT_VERSION = 5.0;
				TARGETED_DEVICE_FAMILY = "1,2";
			};
			name = Release;
		};
/* End XCBuildConfiguration section */

/* Begin XCConfigurationList section */
		2A2192912B83A7CC00DDF153 /* Build configuration list for PBXProject "DemoSharedCredentials" */ = {
			isa = XCConfigurationList;
			buildConfigurations = (
				2A2192A82B83A7CE00DDF153 /* Debug */,
				2A2192A92B83A7CE00DDF153 /* Release */,
			);
			defaultConfigurationIsVisible = 0;
			defaultConfigurationName = Release;
		};
		2A2192AA2B83A7CE00DDF153 /* Build configuration list for PBXNativeTarget "DemoSharedCredentials" */ = {
			isa = XCConfigurationList;
			buildConfigurations = (
				2A2192AB2B83A7CE00DDF153 /* Debug */,
				2A2192AC2B83A7CE00DDF153 /* Release */,
			);
			defaultConfigurationIsVisible = 0;
			defaultConfigurationName = Release;
		};
/* End XCConfigurationList section */
	};
	rootObject = 2A21928E2B83A7CC00DDF153 /* Project object */;
}
